// !$*UTF8*$!
{
	archiveVersion = 1;
	classes = {
	};
	objectVersion = 48;
	objects = {

/* Begin PBXBuildFile section */
		0B0AD7EE2B913EB6083A6347 /* Pods_Weather.framework in Frameworks */ = {isa = PBXBuildFile; fileRef = 5AA8158D202FFD6460BEB9F1 /* Pods_Weather.framework */; };
		88A5D11D1FA96226003047DE /* AppDelegate.swift in Sources */ = {isa = PBXBuildFile; fileRef = 88A5D11C1FA96226003047DE /* AppDelegate.swift */; };
		88A5D1221FA96226003047DE /* Main.storyboard in Resources */ = {isa = PBXBuildFile; fileRef = 88A5D1201FA96226003047DE /* Main.storyboard */; };
		88A5D1241FA96226003047DE /* Assets.xcassets in Resources */ = {isa = PBXBuildFile; fileRef = 88A5D1231FA96226003047DE /* Assets.xcassets */; };
		88A5D1271FA96226003047DE /* LaunchScreen.storyboard in Resources */ = {isa = PBXBuildFile; fileRef = 88A5D1251FA96226003047DE /* LaunchScreen.storyboard */; };
		88A5D12F1FA9627A003047DE /* MapViewController.swift in Sources */ = {isa = PBXBuildFile; fileRef = 88A5D12E1FA9627A003047DE /* MapViewController.swift */; };
		88A5D1321FA96A5C003047DE /* MapKit.framework in Frameworks */ = {isa = PBXBuildFile; fileRef = 88A5D1311FA96A5C003047DE /* MapKit.framework */; };
		88A5D1341FA9782B003047DE /* WeatherViewController.swift in Sources */ = {isa = PBXBuildFile; fileRef = 88A5D1331FA9782B003047DE /* WeatherViewController.swift */; };
		88A5D13B1FA989AA003047DE /* AppUtils.swift in Sources */ = {isa = PBXBuildFile; fileRef = 88A5D13A1FA989AA003047DE /* AppUtils.swift */; };
/* End PBXBuildFile section */

/* Begin PBXFileReference section */
		5AA8158D202FFD6460BEB9F1 /* Pods_Weather.framework */ = {isa = PBXFileReference; explicitFileType = wrapper.framework; includeInIndex = 0; path = Pods_Weather.framework; sourceTree = BUILT_PRODUCTS_DIR; };
		88A5D1191FA96226003047DE /* Weather.app */ = {isa = PBXFileReference; explicitFileType = wrapper.application; includeInIndex = 0; path = Weather.app; sourceTree = BUILT_PRODUCTS_DIR; };
		88A5D11C1FA96226003047DE /* AppDelegate.swift */ = {isa = PBXFileReference; lastKnownFileType = sourcecode.swift; path = AppDelegate.swift; sourceTree = "<group>"; };
		88A5D1211FA96226003047DE /* Base */ = {isa = PBXFileReference; lastKnownFileType = file.storyboard; name = Base; path = Base.lproj/Main.storyboard; sourceTree = "<group>"; };
		88A5D1231FA96226003047DE /* Assets.xcassets */ = {isa = PBXFileReference; lastKnownFileType = folder.assetcatalog; path = Assets.xcassets; sourceTree = "<group>"; };
		88A5D1261FA96226003047DE /* Base */ = {isa = PBXFileReference; lastKnownFileType = file.storyboard; name = Base; path = Base.lproj/LaunchScreen.storyboard; sourceTree = "<group>"; };
		88A5D1281FA96226003047DE /* Info.plist */ = {isa = PBXFileReference; lastKnownFileType = text.plist.xml; path = Info.plist; sourceTree = "<group>"; };
		88A5D12E1FA9627A003047DE /* MapViewController.swift */ = {isa = PBXFileReference; lastKnownFileType = sourcecode.swift; path = MapViewController.swift; sourceTree = "<group>"; };
		88A5D1311FA96A5C003047DE /* MapKit.framework */ = {isa = PBXFileReference; lastKnownFileType = wrapper.framework; name = MapKit.framework; path = System/Library/Frameworks/MapKit.framework; sourceTree = SDKROOT; };
		88A5D1331FA9782B003047DE /* WeatherViewController.swift */ = {isa = PBXFileReference; lastKnownFileType = sourcecode.swift; path = WeatherViewController.swift; sourceTree = "<group>"; };
		88A5D13A1FA989AA003047DE /* AppUtils.swift */ = {isa = PBXFileReference; fileEncoding = 4; lastKnownFileType = sourcecode.swift; path = AppUtils.swift; sourceTree = "<group>"; };
		C37F536788FE0B49C3371F5A /* Pods-Weather.release.xcconfig */ = {isa = PBXFileReference; includeInIndex = 1; lastKnownFileType = text.xcconfig; name = "Pods-Weather.release.xcconfig"; path = "Pods/Target Support Files/Pods-Weather/Pods-Weather.release.xcconfig"; sourceTree = "<group>"; };
		EB7CE24FF9C840542B89E5CC /* Pods-Weather.debug.xcconfig */ = {isa = PBXFileReference; includeInIndex = 1; lastKnownFileType = text.xcconfig; name = "Pods-Weather.debug.xcconfig"; path = "Pods/Target Support Files/Pods-Weather/Pods-Weather.debug.xcconfig"; sourceTree = "<group>"; };
/* End PBXFileReference section */

/* Begin PBXFrameworksBuildPhase section */
		88A5D1161FA96226003047DE /* Frameworks */ = {
			isa = PBXFrameworksBuildPhase;
			buildActionMask = 2147483647;
			files = (
				88A5D1321FA96A5C003047DE /* MapKit.framework in Frameworks */,
				0B0AD7EE2B913EB6083A6347 /* Pods_Weather.framework in Frameworks */,
			);
			runOnlyForDeploymentPostprocessing = 0;
		};
/* End PBXFrameworksBuildPhase section */

/* Begin PBXGroup section */
		88A5D1101FA96224003047DE = {
			isa = PBXGroup;
			children = (
				88A5D11B1FA96226003047DE /* Weather */,
				88A5D11A1FA96226003047DE /* Products */,
				88A5D1301FA96A5C003047DE /* Frameworks */,
				BDB5D8C8B176149CD187744C /* Pods */,
			);
			sourceTree = "<group>";
		};
		88A5D11A1FA96226003047DE /* Products */ = {
			isa = PBXGroup;
			children = (
				88A5D1191FA96226003047DE /* Weather.app */,
			);
			name = Products;
			sourceTree = "<group>";
		};
		88A5D11B1FA96226003047DE /* Weather */ = {
			isa = PBXGroup;
			children = (
				88A5D1391FA989AA003047DE /* Model */,
				88A5D11C1FA96226003047DE /* AppDelegate.swift */,
				88A5D12E1FA9627A003047DE /* MapViewController.swift */,
				88A5D1331FA9782B003047DE /* WeatherViewController.swift */,
				88A5D1201FA96226003047DE /* Main.storyboard */,
				88A5D1231FA96226003047DE /* Assets.xcassets */,
				88A5D1251FA96226003047DE /* LaunchScreen.storyboard */,
				88A5D1281FA96226003047DE /* Info.plist */,
			);
			path = Weather;
			sourceTree = "<group>";
		};
		88A5D1301FA96A5C003047DE /* Frameworks */ = {
			isa = PBXGroup;
			children = (
				88A5D1311FA96A5C003047DE /* MapKit.framework */,
				5AA8158D202FFD6460BEB9F1 /* Pods_Weather.framework */,
			);
			name = Frameworks;
			sourceTree = "<group>";
		};
		88A5D1391FA989AA003047DE /* Model */ = {
			isa = PBXGroup;
			children = (
				88A5D13A1FA989AA003047DE /* AppUtils.swift */,
			);
			path = Model;
			sourceTree = "<group>";
		};
		BDB5D8C8B176149CD187744C /* Pods */ = {
			isa = PBXGroup;
			children = (
				EB7CE24FF9C840542B89E5CC /* Pods-Weather.debug.xcconfig */,
				C37F536788FE0B49C3371F5A /* Pods-Weather.release.xcconfig */,
			);
			name = Pods;
			sourceTree = "<group>";
		};
/* End PBXGroup section */

/* Begin PBXNativeTarget section */
		88A5D1181FA96226003047DE /* Weather */ = {
			isa = PBXNativeTarget;
			buildConfigurationList = 88A5D12B1FA96226003047DE /* Build configuration list for PBXNativeTarget "Weather" */;
			buildPhases = (
				142C90CFDC844E3E21403D8A /* [CP] Check Pods Manifest.lock */,
				88A5D1151FA96226003047DE /* Sources */,
				88A5D1161FA96226003047DE /* Frameworks */,
				88A5D1171FA96226003047DE /* Resources */,
				CDD53D174E5B0EF83C5EC677 /* [CP] Embed Pods Frameworks */,
				75090841249209F0A97D7A46 /* [CP] Copy Pods Resources */,
			);
			buildRules = (
			);
			dependencies = (
			);
			name = Weather;
			productName = Weather;
			productReference = 88A5D1191FA96226003047DE /* Weather.app */;
			productType = "com.apple.product-type.application";
		};
/* End PBXNativeTarget section */

/* Begin PBXProject section */
		88A5D1111FA96224003047DE /* Project object */ = {
			isa = PBXProject;
			attributes = {
				LastSwiftUpdateCheck = 0900;
				LastUpgradeCheck = 0900;
				ORGANIZATIONNAME = "Sousuke Tanaka";
				TargetAttributes = {
					88A5D1181FA96226003047DE = {
						CreatedOnToolsVersion = 9.0;
						ProvisioningStyle = Manual;
						SystemCapabilities = {
							com.apple.Maps.iOS = {
								enabled = 1;
							};
						};
					};
				};
			};
			buildConfigurationList = 88A5D1141FA96225003047DE /* Build configuration list for PBXProject "Weather" */;
			compatibilityVersion = "Xcode 8.0";
			developmentRegion = en;
			hasScannedForEncodings = 0;
			knownRegions = (
				en,
				Base,
			);
			mainGroup = 88A5D1101FA96224003047DE;
			productRefGroup = 88A5D11A1FA96226003047DE /* Products */;
			projectDirPath = "";
			projectRoot = "";
			targets = (
				88A5D1181FA96226003047DE /* Weather */,
			);
		};
/* End PBXProject section */

/* Begin PBXResourcesBuildPhase section */
		88A5D1171FA96226003047DE /* Resources */ = {
			isa = PBXResourcesBuildPhase;
			buildActionMask = 2147483647;
			files = (
				88A5D1271FA96226003047DE /* LaunchScreen.storyboard in Resources */,
				88A5D1241FA96226003047DE /* Assets.xcassets in Resources */,
				88A5D1221FA96226003047DE /* Main.storyboard in Resources */,
			);
			runOnlyForDeploymentPostprocessing = 0;
		};
/* End PBXResourcesBuildPhase section */

/* Begin PBXShellScriptBuildPhase section */
		142C90CFDC844E3E21403D8A /* [CP] Check Pods Manifest.lock */ = {
			isa = PBXShellScriptBuildPhase;
			buildActionMask = 2147483647;
			files = (
			);
			inputPaths = (
			);
			name = "[CP] Check Pods Manifest.lock";
			outputPaths = (
			);
			runOnlyForDeploymentPostprocessing = 0;
			shellPath = /bin/sh;
			shellScript = "diff \"${PODS_PODFILE_DIR_PATH}/Podfile.lock\" \"${PODS_ROOT}/Manifest.lock\" > /dev/null\nif [ $? != 0 ] ; then\n    # print error to STDERR\n    echo \"error: The sandbox is not in sync with the Podfile.lock. Run 'pod install' or update your CocoaPods installation.\" >&2\n    exit 1\nfi\n";
			showEnvVarsInLog = 0;
		};
		75090841249209F0A97D7A46 /* [CP] Copy Pods Resources */ = {
			isa = PBXShellScriptBuildPhase;
			buildActionMask = 2147483647;
			files = (
			);
			inputPaths = (
			);
			name = "[CP] Copy Pods Resources";
			outputPaths = (
			);
			runOnlyForDeploymentPostprocessing = 0;
			shellPath = /bin/sh;
			shellScript = "\"${SRCROOT}/Pods/Target Support Files/Pods-Weather/Pods-Weather-resources.sh\"\n";
			showEnvVarsInLog = 0;
		};
		CDD53D174E5B0EF83C5EC677 /* [CP] Embed Pods Frameworks */ = {
			isa = PBXShellScriptBuildPhase;
			buildActionMask = 2147483647;
			files = (
			);
			inputPaths = (
			);
			name = "[CP] Embed Pods Frameworks";
			outputPaths = (
			);
			runOnlyForDeploymentPostprocessing = 0;
			shellPath = /bin/sh;
			shellScript = "\"${SRCROOT}/Pods/Target Support Files/Pods-Weather/Pods-Weather-frameworks.sh\"\n";
			showEnvVarsInLog = 0;
		};
/* End PBXShellScriptBuildPhase section */

/* Begin PBXSourcesBuildPhase section */
		88A5D1151FA96226003047DE /* Sources */ = {
			isa = PBXSourcesBuildPhase;
			buildActionMask = 2147483647;
			files = (
				88A5D12F1FA9627A003047DE /* MapViewController.swift in Sources */,
				88A5D1341FA9782B003047DE /* WeatherViewController.swift in Sources */,
				88A5D11D1FA96226003047DE /* AppDelegate.swift in Sources */,
				88A5D13B1FA989AA003047DE /* AppUtils.swift in Sources */,
			);
			runOnlyForDeploymentPostprocessing = 0;
		};
/* End PBXSourcesBuildPhase section */

/* Begin PBXVariantGroup section */
		88A5D1201FA96226003047DE /* Main.storyboard */ = {
			isa = PBXVariantGroup;
			children = (
				88A5D1211FA96226003047DE /* Base */,
			);
			name = Main.storyboard;
			sourceTree = "<group>";
		};
		88A5D1251FA96226003047DE /* LaunchScreen.storyboard */ = {
			isa = PBXVariantGroup;
			children = (
				88A5D1261FA96226003047DE /* Base */,
			);
			name = LaunchScreen.storyboard;
			sourceTree = "<group>";
		};
/* End PBXVariantGroup section */

/* Begin XCBuildConfiguration section */
		88A5D1291FA96226003047DE /* Debug */ = {
			isa = XCBuildConfiguration;
			buildSettings = {
				ALWAYS_SEARCH_USER_PATHS = NO;
				CLANG_ANALYZER_NONNULL = YES;
				CLANG_ANALYZER_NUMBER_OBJECT_CONVERSION = YES_AGGRESSIVE;
				CLANG_CXX_LANGUAGE_STANDARD = "gnu++14";
				CLANG_CXX_LIBRARY = "libc++";
				CLANG_ENABLE_MODULES = YES;
				CLANG_ENABLE_OBJC_ARC = YES;
				CLANG_WARN_BLOCK_CAPTURE_AUTORELEASING = YES;
				CLANG_WARN_BOOL_CONVERSION = YES;
				CLANG_WARN_COMMA = YES;
				CLANG_WARN_CONSTANT_CONVERSION = YES;
				CLANG_WARN_DIRECT_OBJC_ISA_USAGE = YES_ERROR;
				CLANG_WARN_DOCUMENTATION_COMMENTS = YES;
				CLANG_WARN_EMPTY_BODY = YES;
				CLANG_WARN_ENUM_CONVERSION = YES;
				CLANG_WARN_INFINITE_RECURSION = YES;
				CLANG_WARN_INT_CONVERSION = YES;
				CLANG_WARN_NON_LITERAL_NULL_CONVERSION = YES;
				CLANG_WARN_OBJC_LITERAL_CONVERSION = YES;
				CLANG_WARN_OBJC_ROOT_CLASS = YES_ERROR;
				CLANG_WARN_RANGE_LOOP_ANALYSIS = YES;
				CLANG_WARN_STRICT_PROTOTYPES = YES;
				CLANG_WARN_SUSPICIOUS_MOVE = YES;
				CLANG_WARN_UNGUARDED_AVAILABILITY = YES_AGGRESSIVE;
				CLANG_WARN_UNREACHABLE_CODE = YES;
				CLANG_WARN__DUPLICATE_METHOD_MATCH = YES;
				CODE_SIGN_IDENTITY = "iPhone Developer";
				COPY_PHASE_STRIP = NO;
				DEBUG_INFORMATION_FORMAT = dwarf;
				ENABLE_STRICT_OBJC_MSGSEND = YES;
				ENABLE_TESTABILITY = YES;
				GCC_C_LANGUAGE_STANDARD = gnu11;
				GCC_DYNAMIC_NO_PIC = NO;
				GCC_NO_COMMON_BLOCKS = YES;
				GCC_OPTIMIZATION_LEVEL = 0;
				GCC_PREPROCESSOR_DEFINITIONS = (
					"DEBUG=1",
					"$(inherited)",
				);
				GCC_WARN_64_TO_32_BIT_CONVERSION = YES;
				GCC_WARN_ABOUT_RETURN_TYPE = YES_ERROR;
				GCC_WARN_UNDECLARED_SELECTOR = YES;
				GCC_WARN_UNINITIALIZED_AUTOS = YES_AGGRESSIVE;
				GCC_WARN_UNUSED_FUNCTION = YES;
				GCC_WARN_UNUSED_VARIABLE = YES;
				IPHONEOS_DEPLOYMENT_TARGET = 11.0;
				MTL_ENABLE_DEBUG_INFO = YES;
				ONLY_ACTIVE_ARCH = YES;
				SDKROOT = iphoneos;
				SWIFT_ACTIVE_COMPILATION_CONDITIONS = DEBUG;
				SWIFT_OPTIMIZATION_LEVEL = "-Onone";
			};
			name = Debug;
		};
		88A5D12A1FA96226003047DE /* Release */ = {
			isa = XCBuildConfiguration;
			buildSettings = {
				ALWAYS_SEARCH_USER_PATHS = NO;
				CLANG_ANALYZER_NONNULL = YES;
				CLANG_ANALYZER_NUMBER_OBJECT_CONVERSION = YES_AGGRESSIVE;
				CLANG_CXX_LANGUAGE_STANDARD = "gnu++14";
				CLANG_CXX_LIBRARY = "libc++";
				CLANG_ENABLE_MODULES = YES;
				CLANG_ENABLE_OBJC_ARC = YES;
				CLANG_WARN_BLOCK_CAPTURE_AUTORELEASING = YES;
				CLANG_WARN_BOOL_CONVERSION = YES;
				CLANG_WARN_COMMA = YES;
				CLANG_WARN_CONSTANT_CONVERSION = YES;
				CLANG_WARN_DIRECT_OBJC_ISA_USAGE = YES_ERROR;
				CLANG_WARN_DOCUMENTATION_COMMENTS = YES;
				CLANG_WARN_EMPTY_BODY = YES;
				CLANG_WARN_ENUM_CONVERSION = YES;
				CLANG_WARN_INFINITE_RECURSION = YES;
				CLANG_WARN_INT_CONVERSION = YES;
				CLANG_WARN_NON_LITERAL_NULL_CONVERSION = YES;
				CLANG_WARN_OBJC_LITERAL_CONVERSION = YES;
				CLANG_WARN_OBJC_ROOT_CLASS = YES_ERROR;
				CLANG_WARN_RANGE_LOOP_ANALYSIS = YES;
				CLANG_WARN_STRICT_PROTOTYPES = YES;
				CLANG_WARN_SUSPICIOUS_MOVE = YES;
				CLANG_WARN_UNGUARDED_AVAILABILITY = YES_AGGRESSIVE;
				CLANG_WARN_UNREACHABLE_CODE = YES;
				CLANG_WARN__DUPLICATE_METHOD_MATCH = YES;
				CODE_SIGN_IDENTITY = "iPhone Developer";
				COPY_PHASE_STRIP = NO;
				DEBUG_INFORMATION_FORMAT = "dwarf-with-dsym";
				ENABLE_NS_ASSERTIONS = NO;
				ENABLE_STRICT_OBJC_MSGSEND = YES;
				GCC_C_LANGUAGE_STANDARD = gnu11;
				GCC_NO_COMMON_BLOCKS = YES;
				GCC_WARN_64_TO_32_BIT_CONVERSION = YES;
				GCC_WARN_ABOUT_RETURN_TYPE = YES_ERROR;
				GCC_WARN_UNDECLARED_SELECTOR = YES;
				GCC_WARN_UNINITIALIZED_AUTOS = YES_AGGRESSIVE;
				GCC_WARN_UNUSED_FUNCTION = YES;
				GCC_WARN_UNUSED_VARIABLE = YES;
				IPHONEOS_DEPLOYMENT_TARGET = 11.0;
				MTL_ENABLE_DEBUG_INFO = NO;
				SDKROOT = iphoneos;
				SWIFT_OPTIMIZATION_LEVEL = "-Owholemodule";
				VALIDATE_PRODUCT = YES;
			};
			name = Release;
		};
		88A5D12C1FA96226003047DE /* Debug */ = {
			isa = XCBuildConfiguration;
			baseConfigurationReference = EB7CE24FF9C840542B89E5CC /* Pods-Weather.debug.xcconfig */;
			buildSettings = {
				ASSETCATALOG_COMPILER_APPICON_NAME = AppIcon;
				CODE_SIGN_STYLE = Manual;
				DEVELOPMENT_TEAM = 3HX2KA4UA6;
				INFOPLIST_FILE = Weather/Info.plist;
				IPHONEOS_DEPLOYMENT_TARGET = 10.0;
				LD_RUNPATH_SEARCH_PATHS = "$(inherited) @executable_path/Frameworks";
				PRODUCT_BUNDLE_IDENTIFIER = com.sousuke.tanaka.Weather;
				PRODUCT_NAME = "$(TARGET_NAME)";
				PROVISIONING_PROFILE = "8ae10ec8-06dc-44fa-9fff-00d8def6f4ee";
				PROVISIONING_PROFILE_SPECIFIER = Asterisk;
				SWIFT_VERSION = 4.0;
				TARGETED_DEVICE_FAMILY = 1;
			};
			name = Debug;
		};
		88A5D12D1FA96226003047DE /* Release */ = {
			isa = XCBuildConfiguration;
			baseConfigurationReference = C37F536788FE0B49C3371F5A /* Pods-Weather.release.xcconfig */;
			buildSettings = {
				ASSETCATALOG_COMPILER_APPICON_NAME = AppIcon;
				CODE_SIGN_STYLE = Manual;
				DEVELOPMENT_TEAM = 3HX2KA4UA6;
				INFOPLIST_FILE = Weather/Info.plist;
				IPHONEOS_DEPLOYMENT_TARGET = 10.0;
				LD_RUNPATH_SEARCH_PATHS = "$(inherited) @executable_path/Frameworks";
				PRODUCT_BUNDLE_IDENTIFIER = com.sousuke.tanaka.Weather;
				PRODUCT_NAME = "$(TARGET_NAME)";
				PROVISIONING_PROFILE = "8ae10ec8-06dc-44fa-9fff-00d8def6f4ee";
				PROVISIONING_PROFILE_SPECIFIER = Asterisk;
				SWIFT_VERSION = 4.0;
				TARGETED_DEVICE_FAMILY = 1;
			};
			name = Release;
		};
/* End XCBuildConfiguration section */

/* Begin XCConfigurationList section */
		88A5D1141FA96225003047DE /* Build configuration list for PBXProject "Weather" */ = {
			isa = XCConfigurationList;
			buildConfigurations = (
				88A5D1291FA96226003047DE /* Debug */,
				88A5D12A1FA96226003047DE /* Release */,
			);
			defaultConfigurationIsVisible = 0;
			defaultConfigurationName = Release;
		};
		88A5D12B1FA96226003047DE /* Build configuration list for PBXNativeTarget "Weather" */ = {
			isa = XCConfigurationList;
			buildConfigurations = (
				88A5D12C1FA96226003047DE /* Debug */,
				88A5D12D1FA96226003047DE /* Release */,
			);
			defaultConfigurationIsVisible = 0;
			defaultConfigurationName = Release;
		};
/* End XCConfigurationList section */
	};
	rootObject = 88A5D1111FA96224003047DE /* Project object */;
}
